// !$*UTF8*$!
{
	archiveVersion = 1;
	classes = {
	};
	objectVersion = 55;
	objects = {

/* Begin PBXBuildFile section */
		4655402D280A90D200A389A5 /* cas.xcdatamodeld in Sources */ = {isa = PBXBuildFile; fileRef = 4655401A280A90D200A389A5 /* cas.xcdatamodeld */; };
		4655402E280A90D200A389A5 /* cas.xcdatamodeld in Sources */ = {isa = PBXBuildFile; fileRef = 4655401A280A90D200A389A5 /* cas.xcdatamodeld */; };
		4655402F280A90D200A389A5 /* casApp.swift in Sources */ = {isa = PBXBuildFile; fileRef = 4655401C280A90D200A389A5 /* casApp.swift */; };
		46554030280A90D200A389A5 /* casApp.swift in Sources */ = {isa = PBXBuildFile; fileRef = 4655401C280A90D200A389A5 /* casApp.swift */; };
		46554031280A90D200A389A5 /* ContentView.swift in Sources */ = {isa = PBXBuildFile; fileRef = 4655401D280A90D200A389A5 /* ContentView.swift */; };
		46554032280A90D200A389A5 /* ContentView.swift in Sources */ = {isa = PBXBuildFile; fileRef = 4655401D280A90D200A389A5 /* ContentView.swift */; };
		46554033280A90D200A389A5 /* Persistence.swift in Sources */ = {isa = PBXBuildFile; fileRef = 4655401E280A90D200A389A5 /* Persistence.swift */; };
		46554034280A90D200A389A5 /* Persistence.swift in Sources */ = {isa = PBXBuildFile; fileRef = 4655401E280A90D200A389A5 /* Persistence.swift */; };
		46554035280A90D200A389A5 /* Assets.xcassets in Resources */ = {isa = PBXBuildFile; fileRef = 4655401F280A90D200A389A5 /* Assets.xcassets */; };
		46554036280A90D200A389A5 /* Assets.xcassets in Resources */ = {isa = PBXBuildFile; fileRef = 4655401F280A90D200A389A5 /* Assets.xcassets */; };
/* End PBXBuildFile section */

/* Begin PBXFileReference section */
		4655401B280A90D200A389A5 /* Shared.xcdatamodel */ = {isa = PBXFileReference; lastKnownFileType = wrapper.xcdatamodel; path = Shared.xcdatamodel; sourceTree = "<group>"; };
		4655401C280A90D200A389A5 /* casApp.swift */ = {isa = PBXFileReference; lastKnownFileType = sourcecode.swift; path = casApp.swift; sourceTree = "<group>"; };
		4655401D280A90D200A389A5 /* ContentView.swift */ = {isa = PBXFileReference; lastKnownFileType = sourcecode.swift; path = ContentView.swift; sourceTree = "<group>"; };
		4655401E280A90D200A389A5 /* Persistence.swift */ = {isa = PBXFileReference; lastKnownFileType = sourcecode.swift; path = Persistence.swift; sourceTree = "<group>"; };
		4655401F280A90D200A389A5 /* Assets.xcassets */ = {isa = PBXFileReference; lastKnownFileType = folder.assetcatalog; path = Assets.xcassets; sourceTree = "<group>"; };
		46554024280A90D200A389A5 /* cas.app */ = {isa = PBXFileReference; explicitFileType = wrapper.application; includeInIndex = 0; path = cas.app; sourceTree = BUILT_PRODUCTS_DIR; };
		4655402A280A90D200A389A5 /* cas.app */ = {isa = PBXFileReference; explicitFileType = wrapper.application; includeInIndex = 0; path = cas.app; sourceTree = BUILT_PRODUCTS_DIR; };
		4655402C280A90D200A389A5 /* macOS.entitlements */ = {isa = PBXFileReference; lastKnownFileType = text.plist.entitlements; path = macOS.entitlements; sourceTree = "<group>"; };
/* End PBXFileReference section */

/* Begin PBXFrameworksBuildPhase section */
		46554021280A90D200A389A5 /* Frameworks */ = {
			isa = PBXFrameworksBuildPhase;
			buildActionMask = 2147483647;
			files = (
			);
			runOnlyForDeploymentPostprocessing = 0;
		};
		46554027280A90D200A389A5 /* Frameworks */ = {
			isa = PBXFrameworksBuildPhase;
			buildActionMask = 2147483647;
			files = (
			);
			runOnlyForDeploymentPostprocessing = 0;
		};
/* End PBXFrameworksBuildPhase section */

/* Begin PBXGroup section */
		46554014280A90D200A389A5 = {
			isa = PBXGroup;
			children = (
				46554019280A90D200A389A5 /* Shared */,
				4655402B280A90D200A389A5 /* macOS */,
				46554025280A90D200A389A5 /* Products */,
			);
			sourceTree = "<group>";
		};
		46554019280A90D200A389A5 /* Shared */ = {
			isa = PBXGroup;
			children = (
				4655401C280A90D200A389A5 /* casApp.swift */,
				4655401D280A90D200A389A5 /* ContentView.swift */,
				4655401E280A90D200A389A5 /* Persistence.swift */,
				4655401F280A90D200A389A5 /* Assets.xcassets */,
				4655401A280A90D200A389A5 /* cas.xcdatamodeld */,
			);
			path = Shared;
			sourceTree = "<group>";
		};
		46554025280A90D200A389A5 /* Products */ = {
			isa = PBXGroup;
			children = (
				46554024280A90D200A389A5 /* cas.app */,
				4655402A280A90D200A389A5 /* cas.app */,
			);
			name = Products;
			sourceTree = "<group>";
		};
		4655402B280A90D200A389A5 /* macOS */ = {
			isa = PBXGroup;
			children = (
				4655402C280A90D200A389A5 /* macOS.entitlements */,
			);
			path = macOS;
			sourceTree = "<group>";
		};
/* End PBXGroup section */

/* Begin PBXNativeTarget section */
		46554023280A90D200A389A5 /* cas (iOS) */ = {
			isa = PBXNativeTarget;
			buildConfigurationList = 46554039280A90D200A389A5 /* Build configuration list for PBXNativeTarget "cas (iOS)" */;
			buildPhases = (
				46554020280A90D200A389A5 /* Sources */,
				46554021280A90D200A389A5 /* Frameworks */,
				46554022280A90D200A389A5 /* Resources */,
			);
			buildRules = (
			);
			dependencies = (
			);
			name = "cas (iOS)";
			productName = "cas (iOS)";
			productReference = 46554024280A90D200A389A5 /* cas.app */;
			productType = "com.apple.product-type.application";
		};
		46554029280A90D200A389A5 /* cas (macOS) */ = {
			isa = PBXNativeTarget;
			buildConfigurationList = 4655403C280A90D200A389A5 /* Build configuration list for PBXNativeTarget "cas (macOS)" */;
			buildPhases = (
				46554026280A90D200A389A5 /* Sources */,
				46554027280A90D200A389A5 /* Frameworks */,
				46554028280A90D200A389A5 /* Resources */,
			);
			buildRules = (
			);
			dependencies = (
			);
			name = "cas (macOS)";
			productName = "cas (macOS)";
			productReference = 4655402A280A90D200A389A5 /* cas.app */;
			productType = "com.apple.product-type.application";
		};
/* End PBXNativeTarget section */

/* Begin PBXProject section */
		46554015280A90D200A389A5 /* Project object */ = {
			isa = PBXProject;
			attributes = {
				BuildIndependentTargetsInParallel = 1;
				LastSwiftUpdateCheck = 1330;
				LastUpgradeCheck = 1330;
				TargetAttributes = {
					46554023280A90D200A389A5 = {
						CreatedOnToolsVersion = 13.3.1;
					};
					46554029280A90D200A389A5 = {
						CreatedOnToolsVersion = 13.3.1;
					};
				};
			};
			buildConfigurationList = 46554018280A90D200A389A5 /* Build configuration list for PBXProject "cas" */;
			compatibilityVersion = "Xcode 13.0";
			developmentRegion = en;
			hasScannedForEncodings = 0;
			knownRegions = (
				en,
				Base,
			);
			mainGroup = 46554014280A90D200A389A5;
			productRefGroup = 46554025280A90D200A389A5 /* Products */;
			projectDirPath = "";
			projectRoot = "";
			targets = (
				46554023280A90D200A389A5 /* cas (iOS) */,
				46554029280A90D200A389A5 /* cas (macOS) */,
			);
		};
/* End PBXProject section */

/* Begin PBXResourcesBuildPhase section */
		46554022280A90D200A389A5 /* Resources */ = {
			isa = PBXResourcesBuildPhase;
			buildActionMask = 2147483647;
			files = (
				46554035280A90D200A389A5 /* Assets.xcassets in Resources */,
			);
			runOnlyForDeploymentPostprocessing = 0;
		};
		46554028280A90D200A389A5 /* Resources */ = {
			isa = PBXResourcesBuildPhase;
			buildActionMask = 2147483647;
			files = (
				46554036280A90D200A389A5 /* Assets.xcassets in Resources */,
			);
			runOnlyForDeploymentPostprocessing = 0;
		};
/* End PBXResourcesBuildPhase section */

/* Begin PBXSourcesBuildPhase section */
		46554020280A90D200A389A5 /* Sources */ = {
			isa = PBXSourcesBuildPhase;
			buildActionMask = 2147483647;
			files = (
				4655402D280A90D200A389A5 /* cas.xcdatamodeld in Sources */,
				46554033280A90D200A389A5 /* Persistence.swift in Sources */,
				4655402F280A90D200A389A5 /* casApp.swift in Sources */,
				46554031280A90D200A389A5 /* ContentView.swift in Sources */,
			);
			runOnlyForDeploymentPostprocessing = 0;
		};
		46554026280A90D200A389A5 /* Sources */ = {
			isa = PBXSourcesBuildPhase;
			buildActionMask = 2147483647;
			files = (
				4655402E280A90D200A389A5 /* cas.xcdatamodeld in Sources */,
				46554034280A90D200A389A5 /* Persistence.swift in Sources */,
				46554030280A90D200A389A5 /* casApp.swift in Sources */,
				46554032280A90D200A389A5 /* ContentView.swift in Sources */,
			);
			runOnlyForDeploymentPostprocessing = 0;
		};
/* End PBXSourcesBuildPhase section */

/* Begin XCBuildConfiguration section */
		46554037280A90D200A389A5 /* Debug */ = {
			isa = XCBuildConfiguration;
			buildSettings = {
				ALWAYS_SEARCH_USER_PATHS = NO;
				CLANG_ANALYZER_NONNULL = YES;
				CLANG_ANALYZER_NUMBER_OBJECT_CONVERSION = YES_AGGRESSIVE;
				CLANG_CXX_LANGUAGE_STANDARD = "gnu++17";
				CLANG_ENABLE_MODULES = YES;
				CLANG_ENABLE_OBJC_ARC = YES;
				CLANG_ENABLE_OBJC_WEAK = YES;
				CLANG_WARN_BLOCK_CAPTURE_AUTORELEASING = YES;
				CLANG_WARN_BOOL_CONVERSION = YES;
				CLANG_WARN_COMMA = YES;
				CLANG_WARN_CONSTANT_CONVERSION = YES;
				CLANG_WARN_DEPRECATED_OBJC_IMPLEMENTATIONS = YES;
				CLANG_WARN_DIRECT_OBJC_ISA_USAGE = YES_ERROR;
				CLANG_WARN_DOCUMENTATION_COMMENTS = YES;
				CLANG_WARN_EMPTY_BODY = YES;
				CLANG_WARN_ENUM_CONVERSION = YES;
				CLANG_WARN_INFINITE_RECURSION = YES;
				CLANG_WARN_INT_CONVERSION = YES;
				CLANG_WARN_NON_LITERAL_NULL_CONVERSION = YES;
				CLANG_WARN_OBJC_IMPLICIT_RETAIN_SELF = YES;
				CLANG_WARN_OBJC_LITERAL_CONVERSION = YES;
				CLANG_WARN_OBJC_ROOT_CLASS = YES_ERROR;
				CLANG_WARN_QUOTED_INCLUDE_IN_FRAMEWORK_HEADER = YES;
				CLANG_WARN_RANGE_LOOP_ANALYSIS = YES;
				CLANG_WARN_STRICT_PROTOTYPES = YES;
				CLANG_WARN_SUSPICIOUS_MOVE = YES;
				CLANG_WARN_UNGUARDED_AVAILABILITY = YES_AGGRESSIVE;
				CLANG_WARN_UNREACHABLE_CODE = YES;
				CLANG_WARN__DUPLICATE_METHOD_MATCH = YES;
				COPY_PHASE_STRIP = NO;
				DEBUG_INFORMATION_FORMAT = dwarf;
				ENABLE_STRICT_OBJC_MSGSEND = YES;
				ENABLE_TESTABILITY = YES;
				GCC_C_LANGUAGE_STANDARD = gnu11;
				GCC_DYNAMIC_NO_PIC = NO;
				GCC_NO_COMMON_BLOCKS = YES;
				GCC_OPTIMIZATION_LEVEL = 0;
				GCC_PREPROCESSOR_DEFINITIONS = (
					"DEBUG=1",
					"$(inherited)",
				);
				GCC_WARN_64_TO_32_BIT_CONVERSION = YES;
				GCC_WARN_ABOUT_RETURN_TYPE = YES_ERROR;
				GCC_WARN_UNDECLARED_SELECTOR = YES;
				GCC_WARN_UNINITIALIZED_AUTOS = YES_AGGRESSIVE;
				GCC_WARN_UNUSED_FUNCTION = YES;
				GCC_WARN_UNUSED_VARIABLE = YES;
				MTL_ENABLE_DEBUG_INFO = INCLUDE_SOURCE;
				MTL_FAST_MATH = YES;
				ONLY_ACTIVE_ARCH = YES;
				SWIFT_ACTIVE_COMPILATION_CONDITIONS = DEBUG;
				SWIFT_OPTIMIZATION_LEVEL = "-Onone";
			};
			name = Debug;
		};
		46554038280A90D200A389A5 /* Release */ = {
			isa = XCBuildConfiguration;
			buildSettings = {
				ALWAYS_SEARCH_USER_PATHS = NO;
				CLANG_ANALYZER_NONNULL = YES;
				CLANG_ANALYZER_NUMBER_OBJECT_CONVERSION = YES_AGGRESSIVE;
				CLANG_CXX_LANGUAGE_STANDARD = "gnu++17";
				CLANG_ENABLE_MODULES = YES;
				CLANG_ENABLE_OBJC_ARC = YES;
				CLANG_ENABLE_OBJC_WEAK = YES;
				CLANG_WARN_BLOCK_CAPTURE_AUTORELEASING = YES;
				CLANG_WARN_BOOL_CONVERSION = YES;
				CLANG_WARN_COMMA = YES;
				CLANG_WARN_CONSTANT_CONVERSION = YES;
				CLANG_WARN_DEPRECATED_OBJC_IMPLEMENTATIONS = YES;
				CLANG_WARN_DIRECT_OBJC_ISA_USAGE = YES_ERROR;
				CLANG_WARN_DOCUMENTATION_COMMENTS = YES;
				CLANG_WARN_EMPTY_BODY = YES;
				CLANG_WARN_ENUM_CONVERSION = YES;
				CLANG_WARN_INFINITE_RECURSION = YES;
				CLANG_WARN_INT_CONVERSION = YES;
				CLANG_WARN_NON_LITERAL_NULL_CONVERSION = YES;
				CLANG_WARN_OBJC_IMPLICIT_RETAIN_SELF = YES;
				CLANG_WARN_OBJC_LITERAL_CONVERSION = YES;
				CLANG_WARN_OBJC_ROOT_CLASS = YES_ERROR;
				CLANG_WARN_QUOTED_INCLUDE_IN_FRAMEWORK_HEADER = YES;
				CLANG_WARN_RANGE_LOOP_ANALYSIS = YES;
				CLANG_WARN_STRICT_PROTOTYPES = YES;
				CLANG_WARN_SUSPICIOUS_MOVE = YES;
				CLANG_WARN_UNGUARDED_AVAILABILITY = YES_AGGRESSIVE;
				CLANG_WARN_UNREACHABLE_CODE = YES;
				CLANG_WARN__DUPLICATE_METHOD_MATCH = YES;
				COPY_PHASE_STRIP = NO;
				DEBUG_INFORMATION_FORMAT = "dwarf-with-dsym";
				ENABLE_NS_ASSERTIONS = NO;
				ENABLE_STRICT_OBJC_MSGSEND = YES;
				GCC_C_LANGUAGE_STANDARD = gnu11;
				GCC_NO_COMMON_BLOCKS = YES;
				GCC_WARN_64_TO_32_BIT_CONVERSION = YES;
				GCC_WARN_ABOUT_RETURN_TYPE = YES_ERROR;
				GCC_WARN_UNDECLARED_SELECTOR = YES;
				GCC_WARN_UNINITIALIZED_AUTOS = YES_AGGRESSIVE;
				GCC_WARN_UNUSED_FUNCTION = YES;
				GCC_WARN_UNUSED_VARIABLE = YES;
				MTL_ENABLE_DEBUG_INFO = NO;
				MTL_FAST_MATH = YES;
				SWIFT_COMPILATION_MODE = wholemodule;
				SWIFT_OPTIMIZATION_LEVEL = "-O";
			};
			name = Release;
		};
		4655403A280A90D200A389A5 /* Debug */ = {
			isa = XCBuildConfiguration;
			buildSettings = {
				ASSETCATALOG_COMPILER_APPICON_NAME = AppIcon;
				ASSETCATALOG_COMPILER_GLOBAL_ACCENT_COLOR_NAME = AccentColor;
				CODE_SIGN_STYLE = Automatic;
				CURRENT_PROJECT_VERSION = 1;
				ENABLE_PREVIEWS = YES;
				GENERATE_INFOPLIST_FILE = YES;
				INFOPLIST_KEY_UIApplicationSceneManifest_Generation = YES;
				INFOPLIST_KEY_UIApplicationSupportsIndirectInputEvents = YES;
				INFOPLIST_KEY_UILaunchScreen_Generation = YES;
				INFOPLIST_KEY_UISupportedInterfaceOrientations_iPad = "UIInterfaceOrientationPortrait UIInterfaceOrientationPortraitUpsideDown UIInterfaceOrientationLandscapeLeft UIInterfaceOrientationLandscapeRight";
				INFOPLIST_KEY_UISupportedInterfaceOrientations_iPhone = "UIInterfaceOrientationPortrait UIInterfaceOrientationLandscapeLeft UIInterfaceOrientationLandscapeRight";
				IPHONEOS_DEPLOYMENT_TARGET = 15.4;
				LD_RUNPATH_SEARCH_PATHS = (
					"$(inherited)",
					"@executable_path/Frameworks",
				);
				MARKETING_VERSION = 1.0;
				PRODUCT_BUNDLE_IDENTIFIER = cascam.cas;
				PRODUCT_NAME = cas;
				SDKROOT = iphoneos;
				SWIFT_EMIT_LOC_STRINGS = YES;
				SWIFT_VERSION = 5.0;
				TARGETED_DEVICE_FAMILY = "1,2";
			};
			name = Debug;
		};
		4655403B280A90D200A389A5 /* Release */ = {
			isa = XCBuildConfiguration;
			buildSettings = {
				ASSETCATALOG_COMPILER_APPICON_NAME = AppIcon;
				ASSETCATALOG_COMPILER_GLOBAL_ACCENT_COLOR_NAME = AccentColor;
				CODE_SIGN_STYLE = Automatic;
				CURRENT_PROJECT_VERSION = 1;
				ENABLE_PREVIEWS = YES;
				GENERATE_INFOPLIST_FILE = YES;
				INFOPLIST_KEY_UIApplicationSceneManifest_Generation = YES;
				INFOPLIST_KEY_UIApplicationSupportsIndirectInputEvents = YES;
				INFOPLIST_KEY_UILaunchScreen_Generation = YES;
				INFOPLIST_KEY_UISupportedInterfaceOrientations_iPad = "UIInterfaceOrientationPortrait UIInterfaceOrientationPortraitUpsideDown UIInterfaceOrientationLandscapeLeft UIInterfaceOrientationLandscapeRight";
				INFOPLIST_KEY_UISupportedInterfaceOrientations_iPhone = "UIInterfaceOrientationPortrait UIInterfaceOrientationLandscapeLeft UIInterfaceOrientationLandscapeRight";
				IPHONEOS_DEPLOYMENT_TARGET = 15.4;
				LD_RUNPATH_SEARCH_PATHS = (
					"$(inherited)",
					"@executable_path/Frameworks",
				);
				MARKETING_VERSION = 1.0;
				PRODUCT_BUNDLE_IDENTIFIER = cascam.cas;
				PRODUCT_NAME = cas;
				SDKROOT = iphoneos;
				SWIFT_EMIT_LOC_STRINGS = YES;
				SWIFT_VERSION = 5.0;
				TARGETED_DEVICE_FAMILY = "1,2";
				VALIDATE_PRODUCT = YES;
			};
			name = Release;
		};
		4655403D280A90D200A389A5 /* Debug */ = {
			isa = XCBuildConfiguration;
			buildSettings = {
				ASSETCATALOG_COMPILER_APPICON_NAME = AppIcon;
				ASSETCATALOG_COMPILER_GLOBAL_ACCENT_COLOR_NAME = AccentColor;
				CODE_SIGN_ENTITLEMENTS = macOS/macOS.entitlements;
				CODE_SIGN_STYLE = Automatic;
				COMBINE_HIDPI_IMAGES = YES;
				CURRENT_PROJECT_VERSION = 1;
				ENABLE_PREVIEWS = YES;
				GENERATE_INFOPLIST_FILE = YES;
				INFOPLIST_KEY_NSHumanReadableCopyright = "";
				LD_RUNPATH_SEARCH_PATHS = (
					"$(inherited)",
					"@executable_path/../Frameworks",
				);
				MACOSX_DEPLOYMENT_TARGET = 12.3;
				MARKETING_VERSION = 1.0;
				PRODUCT_BUNDLE_IDENTIFIER = cascam.cas;
				PRODUCT_NAME = cas;
				SDKROOT = macosx;
				SWIFT_EMIT_LOC_STRINGS = YES;
				SWIFT_VERSION = 5.0;
			};
			name = Debug;
		};
		4655403E280A90D200A389A5 /* Release */ = {
			isa = XCBuildConfiguration;
			buildSettings = {
				ASSETCATALOG_COMPILER_APPICON_NAME = AppIcon;
				ASSETCATALOG_COMPILER_GLOBAL_ACCENT_COLOR_NAME = AccentColor;
				CODE_SIGN_ENTITLEMENTS = macOS/macOS.entitlements;
				CODE_SIGN_STYLE = Automatic;
				COMBINE_HIDPI_IMAGES = YES;
				CURRENT_PROJECT_VERSION = 1;
				ENABLE_PREVIEWS = YES;
				GENERATE_INFOPLIST_FILE = YES;
				INFOPLIST_KEY_NSHumanReadableCopyright = "";
				LD_RUNPATH_SEARCH_PATHS = (
					"$(inherited)",
					"@executable_path/../Frameworks",
				);
				MACOSX_DEPLOYMENT_TARGET = 12.3;
				MARKETING_VERSION = 1.0;
				PRODUCT_BUNDLE_IDENTIFIER = cascam.cas;
				PRODUCT_NAME = cas;
				SDKROOT = macosx;
				SWIFT_EMIT_LOC_STRINGS = YES;
				SWIFT_VERSION = 5.0;
			};
			name = Release;
		};
/* End XCBuildConfiguration section */

/* Begin XCConfigurationList section */
		46554018280A90D200A389A5 /* Build configuration list for PBXProject "cas" */ = {
			isa = XCConfigurationList;
			buildConfigurations = (
				46554037280A90D200A389A5 /* Debug */,
				46554038280A90D200A389A5 /* Release */,
			);
			defaultConfigurationIsVisible = 0;
			defaultConfigurationName = Release;
		};
		46554039280A90D200A389A5 /* Build configuration list for PBXNativeTarget "cas (iOS)" */ = {
			isa = XCConfigurationList;
			buildConfigurations = (
				4655403A280A90D200A389A5 /* Debug */,
				4655403B280A90D200A389A5 /* Release */,
			);
			defaultConfigurationIsVisible = 0;
			defaultConfigurationName = Release;
		};
		4655403C280A90D200A389A5 /* Build configuration list for PBXNativeTarget "cas (macOS)" */ = {
			isa = XCConfigurationList;
			buildConfigurations = (
				4655403D280A90D200A389A5 /* Debug */,
				4655403E280A90D200A389A5 /* Release */,
			);
			defaultConfigurationIsVisible = 0;
			defaultConfigurationName = Release;
		};
/* End XCConfigurationList section */

/* Begin XCVersionGroup section */
		4655401A280A90D200A389A5 /* cas.xcdatamodeld */ = {
			isa = XCVersionGroup;
			children = (
				4655401B280A90D200A389A5 /* Shared.xcdatamodel */,
			);
			currentVersion = 4655401B280A90D200A389A5 /* Shared.xcdatamodel */;
			path = cas.xcdatamodeld;
			sourceTree = "<group>";
			versionGroupType = wrapper.xcdatamodel;
		};
/* End XCVersionGroup section */
	};
	rootObject = 46554015280A90D200A389A5 /* Project object */;
}
